
Microsoft Visual Studio Solution File, Format Version 12.00
# Visual Studio 15
VisualStudioVersion = 15.0.26430.16
MinimumVisualStudioVersion = 10.0.40219.1
Project("{FAE04EC0-301F-11D3-BF4B-00C04F79EFBC}") = "Walruss-Update", "Walruss-Update.csproj", "{5BA739BE-2D19-4770-B5A3-CFEDAD9987B3}"
EndProject
Project("{FAE04EC0-301F-11D3-BF4B-00C04F79EFBC}") = "Walruss-RSA", "..\Walruss-RSA\Walruss-RSA.csproj", "{FDF31232-19CA-4D11-8F93-99BCCC9B1566}"
EndProject
Global
	GlobalSection(SolutionConfigurationPlatforms) = preSolution
		Debug|Any CPU = Debug|Any CPU
		Release|Any CPU = Release|Any CPU
	EndGlobalSection
	GlobalSection(ProjectConfigurationPlatforms) = postSolution
		{5BA739BE-2D19-4770-B5A3-CFEDAD9987B3}.Debug|Any CPU.ActiveCfg = Debug|Any CPU
		{5BA739BE-2D19-4770-B5A3-CFEDAD9987B3}.Debug|Any CPU.Build.0 = Debug|Any CPU
		{5BA739BE-2D19-4770-B5A3-CFEDAD9987B3}.Release|Any CPU.ActiveCfg = Release|Any CPU
		{5BA739BE-2D19-4770-B5A3-CFEDAD9987B3}.Release|Any CPU.Build.0 = Release|Any CPU
		{FDF31232-19CA-4D11-8F93-99BCCC9B1566}.Debug|Any CPU.ActiveCfg = Debug|Any CPU
		{FDF31232-19CA-4D11-8F93-99BCCC9B1566}.Debug|Any CPU.Build.0 = Debug|Any CPU
		{FDF31232-19CA-4D11-8F93-99BCCC9B1566}.Release|Any CPU.ActiveCfg = Release|Any CPU
		{FDF31232-19CA-4D11-8F93-99BCCC9B1566}.Release|Any CPU.Build.0 = Release|Any CPU
	EndGlobalSection
	GlobalSection(SolutionProperties) = preSolution
		HideSolutionNode = FALSE
	EndGlobalSection
EndGlobal
